// !$*UTF8*$!
{
	archiveVersion = 1;
	classes = {
	};
	objectVersion = 56;
	objects = {

/* Begin PBXBuildFile section */
		CEF43C0F2CBF03E20003489C /* midterm_reviewApp.swift in Sources */ = {isa = PBXBuildFile; fileRef = CEF43C0E2CBF03E20003489C /* midterm_reviewApp.swift */; };
		CEF43C112CBF03E20003489C /* ContentView.swift in Sources */ = {isa = PBXBuildFile; fileRef = CEF43C102CBF03E20003489C /* ContentView.swift */; };
		CEF43C132CBF03E50003489C /* Assets.xcassets in Resources */ = {isa = PBXBuildFile; fileRef = CEF43C122CBF03E50003489C /* Assets.xcassets */; };
		CEF43C162CBF03E50003489C /* Preview Assets.xcassets in Resources */ = {isa = PBXBuildFile; fileRef = CEF43C152CBF03E50003489C /* Preview Assets.xcassets */; };
		CEF43C182CBF03E50003489C /* Persistence.swift in Sources */ = {isa = PBXBuildFile; fileRef = CEF43C172CBF03E50003489C /* Persistence.swift */; };
		CEF43C1B2CBF03E50003489C /* midterm_review.xcdatamodeld in Sources */ = {isa = PBXBuildFile; fileRef = CEF43C192CBF03E50003489C /* midterm_review.xcdatamodeld */; };
		CEF43C232CBF049E0003489C /* WebView.swift in Sources */ = {isa = PBXBuildFile; fileRef = CEF43C222CBF049E0003489C /* WebView.swift */; };
		CEF43C262CBF052C0003489C /* WebKit.framework in Frameworks */ = {isa = PBXBuildFile; fileRef = CEF43C252CBF052C0003489C /* WebKit.framework */; };
		CEF43C282CBF0A4D0003489C /* List1View.swift in Sources */ = {isa = PBXBuildFile; fileRef = CEF43C272CBF0A4D0003489C /* List1View.swift */; };
		CEF43C2A2CBF0A600003489C /* List1SectionView.swift in Sources */ = {isa = PBXBuildFile; fileRef = CEF43C292CBF0A600003489C /* List1SectionView.swift */; };
		CEF43C2C2CBF0A6A0003489C /* List2View.swift in Sources */ = {isa = PBXBuildFile; fileRef = CEF43C2B2CBF0A6A0003489C /* List2View.swift */; };
		CEF43C2E2CBF0A750003489C /* List3View.swift in Sources */ = {isa = PBXBuildFile; fileRef = CEF43C2D2CBF0A750003489C /* List3View.swift */; };
		CEF43C302CBF3AF90003489C /* ExpandingListView.swift in Sources */ = {isa = PBXBuildFile; fileRef = CEF43C2F2CBF3AF90003489C /* ExpandingListView.swift */; };
		CEF43C322CBF45280003489C /* SearchableListView.swift in Sources */ = {isa = PBXBuildFile; fileRef = CEF43C312CBF45280003489C /* SearchableListView.swift */; };
		CEF43C342CBF4EB70003489C /* MapKit.framework in Frameworks */ = {isa = PBXBuildFile; fileRef = CEF43C332CBF4EB70003489C /* MapKit.framework */; };
		CEF43C362CBF4EEC0003489C /* MapView.swift in Sources */ = {isa = PBXBuildFile; fileRef = CEF43C352CBF4EEC0003489C /* MapView.swift */; };
/* End PBXBuildFile section */

/* Begin PBXFileReference section */
		CEF43C0B2CBF03E20003489C /* midterm-review.app */ = {isa = PBXFileReference; explicitFileType = wrapper.application; includeInIndex = 0; path = "midterm-review.app"; sourceTree = BUILT_PRODUCTS_DIR; };
		CEF43C0E2CBF03E20003489C /* midterm_reviewApp.swift */ = {isa = PBXFileReference; lastKnownFileType = sourcecode.swift; path = midterm_reviewApp.swift; sourceTree = "<group>"; };
		CEF43C102CBF03E20003489C /* ContentView.swift */ = {isa = PBXFileReference; lastKnownFileType = sourcecode.swift; path = ContentView.swift; sourceTree = "<group>"; };
		CEF43C122CBF03E50003489C /* Assets.xcassets */ = {isa = PBXFileReference; lastKnownFileType = folder.assetcatalog; path = Assets.xcassets; sourceTree = "<group>"; };
		CEF43C152CBF03E50003489C /* Preview Assets.xcassets */ = {isa = PBXFileReference; lastKnownFileType = folder.assetcatalog; path = "Preview Assets.xcassets"; sourceTree = "<group>"; };
		CEF43C172CBF03E50003489C /* Persistence.swift */ = {isa = PBXFileReference; lastKnownFileType = sourcecode.swift; path = Persistence.swift; sourceTree = "<group>"; };
		CEF43C1A2CBF03E50003489C /* midterm_review.xcdatamodel */ = {isa = PBXFileReference; lastKnownFileType = wrapper.xcdatamodel; path = midterm_review.xcdatamodel; sourceTree = "<group>"; };
		CEF43C222CBF049E0003489C /* WebView.swift */ = {isa = PBXFileReference; lastKnownFileType = sourcecode.swift; path = WebView.swift; sourceTree = "<group>"; };
		CEF43C252CBF052C0003489C /* WebKit.framework */ = {isa = PBXFileReference; lastKnownFileType = wrapper.framework; name = WebKit.framework; path = System/Library/Frameworks/WebKit.framework; sourceTree = SDKROOT; };
		CEF43C272CBF0A4D0003489C /* List1View.swift */ = {isa = PBXFileReference; lastKnownFileType = sourcecode.swift; path = List1View.swift; sourceTree = "<group>"; };
		CEF43C292CBF0A600003489C /* List1SectionView.swift */ = {isa = PBXFileReference; lastKnownFileType = sourcecode.swift; path = List1SectionView.swift; sourceTree = "<group>"; };
		CEF43C2B2CBF0A6A0003489C /* List2View.swift */ = {isa = PBXFileReference; lastKnownFileType = sourcecode.swift; path = List2View.swift; sourceTree = "<group>"; };
		CEF43C2D2CBF0A750003489C /* List3View.swift */ = {isa = PBXFileReference; lastKnownFileType = sourcecode.swift; path = List3View.swift; sourceTree = "<group>"; };
		CEF43C2F2CBF3AF90003489C /* ExpandingListView.swift */ = {isa = PBXFileReference; lastKnownFileType = sourcecode.swift; path = ExpandingListView.swift; sourceTree = "<group>"; };
		CEF43C312CBF45280003489C /* SearchableListView.swift */ = {isa = PBXFileReference; lastKnownFileType = sourcecode.swift; path = SearchableListView.swift; sourceTree = "<group>"; };
		CEF43C332CBF4EB70003489C /* MapKit.framework */ = {isa = PBXFileReference; lastKnownFileType = wrapper.framework; name = MapKit.framework; path = System/Library/Frameworks/MapKit.framework; sourceTree = SDKROOT; };
		CEF43C352CBF4EEC0003489C /* MapView.swift */ = {isa = PBXFileReference; lastKnownFileType = sourcecode.swift; path = MapView.swift; sourceTree = "<group>"; };
/* End PBXFileReference section */

/* Begin PBXFrameworksBuildPhase section */
		CEF43C082CBF03E20003489C /* Frameworks */ = {
			isa = PBXFrameworksBuildPhase;
			buildActionMask = 2147483647;
			files = (
				CEF43C342CBF4EB70003489C /* MapKit.framework in Frameworks */,
				CEF43C262CBF052C0003489C /* WebKit.framework in Frameworks */,
			);
			runOnlyForDeploymentPostprocessing = 0;
		};
/* End PBXFrameworksBuildPhase section */

/* Begin PBXGroup section */
		CEF43C022CBF03E20003489C = {
			isa = PBXGroup;
			children = (
				CEF43C0D2CBF03E20003489C /* midterm-review */,
				CEF43C0C2CBF03E20003489C /* Products */,
				CEF43C242CBF052C0003489C /* Frameworks */,
			);
			sourceTree = "<group>";
		};
		CEF43C0C2CBF03E20003489C /* Products */ = {
			isa = PBXGroup;
			children = (
				CEF43C0B2CBF03E20003489C /* midterm-review.app */,
			);
			name = Products;
			sourceTree = "<group>";
		};
		CEF43C0D2CBF03E20003489C /* midterm-review */ = {
			isa = PBXGroup;
			children = (
				CEF43C212CBF04830003489C /* Views */,
				CEF43C0E2CBF03E20003489C /* midterm_reviewApp.swift */,
				CEF43C122CBF03E50003489C /* Assets.xcassets */,
				CEF43C172CBF03E50003489C /* Persistence.swift */,
				CEF43C192CBF03E50003489C /* midterm_review.xcdatamodeld */,
				CEF43C142CBF03E50003489C /* Preview Content */,
			);
			path = "midterm-review";
			sourceTree = "<group>";
		};
		CEF43C142CBF03E50003489C /* Preview Content */ = {
			isa = PBXGroup;
			children = (
				CEF43C152CBF03E50003489C /* Preview Assets.xcassets */,
			);
			path = "Preview Content";
			sourceTree = "<group>";
		};
		CEF43C212CBF04830003489C /* Views */ = {
			isa = PBXGroup;
			children = (
				CEF43C102CBF03E20003489C /* ContentView.swift */,
				CEF43C222CBF049E0003489C /* WebView.swift */,
				CEF43C272CBF0A4D0003489C /* List1View.swift */,
				CEF43C292CBF0A600003489C /* List1SectionView.swift */,
				CEF43C2B2CBF0A6A0003489C /* List2View.swift */,
				CEF43C2D2CBF0A750003489C /* List3View.swift */,
				CEF43C2F2CBF3AF90003489C /* ExpandingListView.swift */,
				CEF43C312CBF45280003489C /* SearchableListView.swift */,
				CEF43C352CBF4EEC0003489C /* MapView.swift */,
			);
			path = Views;
			sourceTree = "<group>";
		};
		CEF43C242CBF052C0003489C /* Frameworks */ = {
			isa = PBXGroup;
			children = (
				CEF43C332CBF4EB70003489C /* MapKit.framework */,
				CEF43C252CBF052C0003489C /* WebKit.framework */,
			);
			name = Frameworks;
			sourceTree = "<group>";
		};
/* End PBXGroup section */

/* Begin PBXNativeTarget section */
		CEF43C0A2CBF03E20003489C /* midterm-review */ = {
			isa = PBXNativeTarget;
			buildConfigurationList = CEF43C1E2CBF03E50003489C /* Build configuration list for PBXNativeTarget "midterm-review" */;
			buildPhases = (
				CEF43C072CBF03E20003489C /* Sources */,
				CEF43C082CBF03E20003489C /* Frameworks */,
				CEF43C092CBF03E20003489C /* Resources */,
			);
			buildRules = (
			);
			dependencies = (
			);
			name = "midterm-review";
			productName = "midterm-review";
			productReference = CEF43C0B2CBF03E20003489C /* midterm-review.app */;
			productType = "com.apple.product-type.application";
		};
/* End PBXNativeTarget section */

/* Begin PBXProject section */
		CEF43C032CBF03E20003489C /* Project object */ = {
			isa = PBXProject;
			attributes = {
				BuildIndependentTargetsInParallel = 1;
				LastSwiftUpdateCheck = 1540;
				LastUpgradeCheck = 1540;
				TargetAttributes = {
					CEF43C0A2CBF03E20003489C = {
						CreatedOnToolsVersion = 15.4;
					};
				};
			};
			buildConfigurationList = CEF43C062CBF03E20003489C /* Build configuration list for PBXProject "midterm-review" */;
			compatibilityVersion = "Xcode 14.0";
			developmentRegion = en;
			hasScannedForEncodings = 0;
			knownRegions = (
				en,
				Base,
			);
			mainGroup = CEF43C022CBF03E20003489C;
			productRefGroup = CEF43C0C2CBF03E20003489C /* Products */;
			projectDirPath = "";
			projectRoot = "";
			targets = (
				CEF43C0A2CBF03E20003489C /* midterm-review */,
			);
		};
/* End PBXProject section */

/* Begin PBXResourcesBuildPhase section */
		CEF43C092CBF03E20003489C /* Resources */ = {
			isa = PBXResourcesBuildPhase;
			buildActionMask = 2147483647;
			files = (
				CEF43C162CBF03E50003489C /* Preview Assets.xcassets in Resources */,
				CEF43C132CBF03E50003489C /* Assets.xcassets in Resources */,
			);
			runOnlyForDeploymentPostprocessing = 0;
		};
/* End PBXResourcesBuildPhase section */

/* Begin PBXSourcesBuildPhase section */
		CEF43C072CBF03E20003489C /* Sources */ = {
			isa = PBXSourcesBuildPhase;
			buildActionMask = 2147483647;
			files = (
				CEF43C2E2CBF0A750003489C /* List3View.swift in Sources */,
				CEF43C362CBF4EEC0003489C /* MapView.swift in Sources */,
				CEF43C182CBF03E50003489C /* Persistence.swift in Sources */,
				CEF43C232CBF049E0003489C /* WebView.swift in Sources */,
				CEF43C282CBF0A4D0003489C /* List1View.swift in Sources */,
				CEF43C2C2CBF0A6A0003489C /* List2View.swift in Sources */,
				CEF43C112CBF03E20003489C /* ContentView.swift in Sources */,
				CEF43C1B2CBF03E50003489C /* midterm_review.xcdatamodeld in Sources */,
				CEF43C0F2CBF03E20003489C /* midterm_reviewApp.swift in Sources */,
				CEF43C2A2CBF0A600003489C /* List1SectionView.swift in Sources */,
				CEF43C322CBF45280003489C /* SearchableListView.swift in Sources */,
				CEF43C302CBF3AF90003489C /* ExpandingListView.swift in Sources */,
			);
			runOnlyForDeploymentPostprocessing = 0;
		};
/* End PBXSourcesBuildPhase section */

/* Begin XCBuildConfiguration section */
		CEF43C1C2CBF03E50003489C /* Debug */ = {
			isa = XCBuildConfiguration;
			buildSettings = {
				ALWAYS_SEARCH_USER_PATHS = NO;
				ASSETCATALOG_COMPILER_GENERATE_SWIFT_ASSET_SYMBOL_EXTENSIONS = YES;
				CLANG_ANALYZER_NONNULL = YES;
				CLANG_ANALYZER_NUMBER_OBJECT_CONVERSION = YES_AGGRESSIVE;
				CLANG_CXX_LANGUAGE_STANDARD = "gnu++20";
				CLANG_ENABLE_MODULES = YES;
				CLANG_ENABLE_OBJC_ARC = YES;
				CLANG_ENABLE_OBJC_WEAK = YES;
				CLANG_WARN_BLOCK_CAPTURE_AUTORELEASING = YES;
				CLANG_WARN_BOOL_CONVERSION = YES;
				CLANG_WARN_COMMA = YES;
				CLANG_WARN_CONSTANT_CONVERSION = YES;
				CLANG_WARN_DEPRECATED_OBJC_IMPLEMENTATIONS = YES;
				CLANG_WARN_DIRECT_OBJC_ISA_USAGE = YES_ERROR;
				CLANG_WARN_DOCUMENTATION_COMMENTS = YES;
				CLANG_WARN_EMPTY_BODY = YES;
				CLANG_WARN_ENUM_CONVERSION = YES;
				CLANG_WARN_INFINITE_RECURSION = YES;
				CLANG_WARN_INT_CONVERSION = YES;
				CLANG_WARN_NON_LITERAL_NULL_CONVERSION = YES;
				CLANG_WARN_OBJC_IMPLICIT_RETAIN_SELF = YES;
				CLANG_WARN_OBJC_LITERAL_CONVERSION = YES;
				CLANG_WARN_OBJC_ROOT_CLASS = YES_ERROR;
				CLANG_WARN_QUOTED_INCLUDE_IN_FRAMEWORK_HEADER = YES;
				CLANG_WARN_RANGE_LOOP_ANALYSIS = YES;
				CLANG_WARN_STRICT_PROTOTYPES = YES;
				CLANG_WARN_SUSPICIOUS_MOVE = YES;
				CLANG_WARN_UNGUARDED_AVAILABILITY = YES_AGGRESSIVE;
				CLANG_WARN_UNREACHABLE_CODE = YES;
				CLANG_WARN__DUPLICATE_METHOD_MATCH = YES;
				COPY_PHASE_STRIP = NO;
				DEBUG_INFORMATION_FORMAT = dwarf;
				ENABLE_STRICT_OBJC_MSGSEND = YES;
				ENABLE_TESTABILITY = YES;
				ENABLE_USER_SCRIPT_SANDBOXING = YES;
				GCC_C_LANGUAGE_STANDARD = gnu17;
				GCC_DYNAMIC_NO_PIC = NO;
				GCC_NO_COMMON_BLOCKS = YES;
				GCC_OPTIMIZATION_LEVEL = 0;
				GCC_PREPROCESSOR_DEFINITIONS = (
					"DEBUG=1",
					"$(inherited)",
				);
				GCC_WARN_64_TO_32_BIT_CONVERSION = YES;
				GCC_WARN_ABOUT_RETURN_TYPE = YES_ERROR;
				GCC_WARN_UNDECLARED_SELECTOR = YES;
				GCC_WARN_UNINITIALIZED_AUTOS = YES_AGGRESSIVE;
				GCC_WARN_UNUSED_FUNCTION = YES;
				GCC_WARN_UNUSED_VARIABLE = YES;
				IPHONEOS_DEPLOYMENT_TARGET = 17.5;
				LOCALIZATION_PREFERS_STRING_CATALOGS = YES;
				MTL_ENABLE_DEBUG_INFO = INCLUDE_SOURCE;
				MTL_FAST_MATH = YES;
				ONLY_ACTIVE_ARCH = YES;
				SDKROOT = iphoneos;
				SWIFT_ACTIVE_COMPILATION_CONDITIONS = "DEBUG $(inherited)";
				SWIFT_OPTIMIZATION_LEVEL = "-Onone";
			};
			name = Debug;
		};
		CEF43C1D2CBF03E50003489C /* Release */ = {
			isa = XCBuildConfiguration;
			buildSettings = {
				ALWAYS_SEARCH_USER_PATHS = NO;
				ASSETCATALOG_COMPILER_GENERATE_SWIFT_ASSET_SYMBOL_EXTENSIONS = YES;
				CLANG_ANALYZER_NONNULL = YES;
				CLANG_ANALYZER_NUMBER_OBJECT_CONVERSION = YES_AGGRESSIVE;
				CLANG_CXX_LANGUAGE_STANDARD = "gnu++20";
				CLANG_ENABLE_MODULES = YES;
				CLANG_ENABLE_OBJC_ARC = YES;
				CLANG_ENABLE_OBJC_WEAK = YES;
				CLANG_WARN_BLOCK_CAPTURE_AUTORELEASING = YES;
				CLANG_WARN_BOOL_CONVERSION = YES;
				CLANG_WARN_COMMA = YES;
				CLANG_WARN_CONSTANT_CONVERSION = YES;
				CLANG_WARN_DEPRECATED_OBJC_IMPLEMENTATIONS = YES;
				CLANG_WARN_DIRECT_OBJC_ISA_USAGE = YES_ERROR;
				CLANG_WARN_DOCUMENTATION_COMMENTS = YES;
				CLANG_WARN_EMPTY_BODY = YES;
				CLANG_WARN_ENUM_CONVERSION = YES;
				CLANG_WARN_INFINITE_RECURSION = YES;
				CLANG_WARN_INT_CONVERSION = YES;
				CLANG_WARN_NON_LITERAL_NULL_CONVERSION = YES;
				CLANG_WARN_OBJC_IMPLICIT_RETAIN_SELF = YES;
				CLANG_WARN_OBJC_LITERAL_CONVERSION = YES;
				CLANG_WARN_OBJC_ROOT_CLASS = YES_ERROR;
				CLANG_WARN_QUOTED_INCLUDE_IN_FRAMEWORK_HEADER = YES;
				CLANG_WARN_RANGE_LOOP_ANALYSIS = YES;
				CLANG_WARN_STRICT_PROTOTYPES = YES;
				CLANG_WARN_SUSPICIOUS_MOVE = YES;
				CLANG_WARN_UNGUARDED_AVAILABILITY = YES_AGGRESSIVE;
				CLANG_WARN_UNREACHABLE_CODE = YES;
				CLANG_WARN__DUPLICATE_METHOD_MATCH = YES;
				COPY_PHASE_STRIP = NO;
				DEBUG_INFORMATION_FORMAT = "dwarf-with-dsym";
				ENABLE_NS_ASSERTIONS = NO;
				ENABLE_STRICT_OBJC_MSGSEND = YES;
				ENABLE_USER_SCRIPT_SANDBOXING = YES;
				GCC_C_LANGUAGE_STANDARD = gnu17;
				GCC_NO_COMMON_BLOCKS = YES;
				GCC_WARN_64_TO_32_BIT_CONVERSION = YES;
				GCC_WARN_ABOUT_RETURN_TYPE = YES_ERROR;
				GCC_WARN_UNDECLARED_SELECTOR = YES;
				GCC_WARN_UNINITIALIZED_AUTOS = YES_AGGRESSIVE;
				GCC_WARN_UNUSED_FUNCTION = YES;
				GCC_WARN_UNUSED_VARIABLE = YES;
				IPHONEOS_DEPLOYMENT_TARGET = 17.5;
				LOCALIZATION_PREFERS_STRING_CATALOGS = YES;
				MTL_ENABLE_DEBUG_INFO = NO;
				MTL_FAST_MATH = YES;
				SDKROOT = iphoneos;
				SWIFT_COMPILATION_MODE = wholemodule;
				VALIDATE_PRODUCT = YES;
			};
			name = Release;
		};
		CEF43C1F2CBF03E50003489C /* Debug */ = {
			isa = XCBuildConfiguration;
			buildSettings = {
				ASSETCATALOG_COMPILER_APPICON_NAME = AppIcon;
				ASSETCATALOG_COMPILER_GLOBAL_ACCENT_COLOR_NAME = AccentColor;
				CODE_SIGN_STYLE = Automatic;
				CURRENT_PROJECT_VERSION = 1;
				DEVELOPMENT_ASSET_PATHS = "\"midterm-review/Preview Content\"";
				ENABLE_PREVIEWS = YES;
				GENERATE_INFOPLIST_FILE = YES;
				INFOPLIST_KEY_UIApplicationSceneManifest_Generation = YES;
				INFOPLIST_KEY_UIApplicationSupportsIndirectInputEvents = YES;
				INFOPLIST_KEY_UILaunchScreen_Generation = YES;
				INFOPLIST_KEY_UISupportedInterfaceOrientations_iPad = "UIInterfaceOrientationPortrait UIInterfaceOrientationPortraitUpsideDown UIInterfaceOrientationLandscapeLeft UIInterfaceOrientationLandscapeRight";
				INFOPLIST_KEY_UISupportedInterfaceOrientations_iPhone = "UIInterfaceOrientationPortrait UIInterfaceOrientationLandscapeLeft UIInterfaceOrientationLandscapeRight";
				LD_RUNPATH_SEARCH_PATHS = (
					"$(inherited)",
					"@executable_path/Frameworks",
				);
				MARKETING_VERSION = 1.0;
				PRODUCT_BUNDLE_IDENTIFIER = "com.sheridancollege.test.midterm-review";
				PRODUCT_NAME = "$(TARGET_NAME)";
				SWIFT_EMIT_LOC_STRINGS = YES;
				SWIFT_VERSION = 5.0;
				TARGETED_DEVICE_FAMILY = "1,2";
			};
			name = Debug;
		};
		CEF43C202CBF03E50003489C /* Release */ = {
			isa = XCBuildConfiguration;
			buildSettings = {
				ASSETCATALOG_COMPILER_APPICON_NAME = AppIcon;
				ASSETCATALOG_COMPILER_GLOBAL_ACCENT_COLOR_NAME = AccentColor;
				CODE_SIGN_STYLE = Automatic;
				CURRENT_PROJECT_VERSION = 1;
				DEVELOPMENT_ASSET_PATHS = "\"midterm-review/Preview Content\"";
				ENABLE_PREVIEWS = YES;
				GENERATE_INFOPLIST_FILE = YES;
				INFOPLIST_KEY_UIApplicationSceneManifest_Generation = YES;
				INFOPLIST_KEY_UIApplicationSupportsIndirectInputEvents = YES;
				INFOPLIST_KEY_UILaunchScreen_Generation = YES;
				INFOPLIST_KEY_UISupportedInterfaceOrientations_iPad = "UIInterfaceOrientationPortrait UIInterfaceOrientationPortraitUpsideDown UIInterfaceOrientationLandscapeLeft UIInterfaceOrientationLandscapeRight";
				INFOPLIST_KEY_UISupportedInterfaceOrientations_iPhone = "UIInterfaceOrientationPortrait UIInterfaceOrientationLandscapeLeft UIInterfaceOrientationLandscapeRight";
				LD_RUNPATH_SEARCH_PATHS = (
					"$(inherited)",
					"@executable_path/Frameworks",
				);
				MARKETING_VERSION = 1.0;
				PRODUCT_BUNDLE_IDENTIFIER = "com.sheridancollege.test.midterm-review";
				PRODUCT_NAME = "$(TARGET_NAME)";
				SWIFT_EMIT_LOC_STRINGS = YES;
				SWIFT_VERSION = 5.0;
				TARGETED_DEVICE_FAMILY = "1,2";
			};
			name = Release;
		};
/* End XCBuildConfiguration section */

/* Begin XCConfigurationList section */
		CEF43C062CBF03E20003489C /* Build configuration list for PBXProject "midterm-review" */ = {
			isa = XCConfigurationList;
			buildConfigurations = (
				CEF43C1C2CBF03E50003489C /* Debug */,
				CEF43C1D2CBF03E50003489C /* Release */,
			);
			defaultConfigurationIsVisible = 0;
			defaultConfigurationName = Release;
		};
		CEF43C1E2CBF03E50003489C /* Build configuration list for PBXNativeTarget "midterm-review" */ = {
			isa = XCConfigurationList;
			buildConfigurations = (
				CEF43C1F2CBF03E50003489C /* Debug */,
				CEF43C202CBF03E50003489C /* Release */,
			);
			defaultConfigurationIsVisible = 0;
			defaultConfigurationName = Release;
		};
/* End XCConfigurationList section */

/* Begin XCVersionGroup section */
		CEF43C192CBF03E50003489C /* midterm_review.xcdatamodeld */ = {
			isa = XCVersionGroup;
			children = (
				CEF43C1A2CBF03E50003489C /* midterm_review.xcdatamodel */,
			);
			currentVersion = CEF43C1A2CBF03E50003489C /* midterm_review.xcdatamodel */;
			path = midterm_review.xcdatamodeld;
			sourceTree = "<group>";
			versionGroupType = wrapper.xcdatamodel;
		};
/* End XCVersionGroup section */
	};
	rootObject = CEF43C032CBF03E20003489C /* Project object */;
}
